
Microsoft Visual Studio Solution File, Format Version 12.00
# Visual Studio Version 17
VisualStudioVersion = 17.0.31903.59
MinimumVisualStudioVersion = 10.0.40219.1
Project("{2150E333-8FDC-42A3-9474-1A3956D46DE8}") = "Microservices", "Microservices", "{216E517A-2711-4ACB-A317-CCE4F4619241}"
EndProject
Project("{2150E333-8FDC-42A3-9474-1A3956D46DE8}") = "LoginService", "LoginService", "{86D7DBDE-B9A6-4ADF-BCA5-286D2EF13523}"
EndProject
Project("{2150E333-8FDC-42A3-9474-1A3956D46DE8}") = "Core", "Core", "{C21EB7A4-FB9C-411C-B2AD-D5A451122EC2}"
EndProject
Project("{2150E333-8FDC-42A3-9474-1A3956D46DE8}") = "Infrastructure", "Infrastructure", "{098566AB-A8A3-4B62-8847-8ADE43076A22}"
EndProject
Project("{2150E333-8FDC-42A3-9474-1A3956D46DE8}") = "Presentation", "Presentation", "{2A62ED5D-A57D-4027-9290-A3ACE0A64BDE}"
EndProject
Project("{9A19103F-16F7-4668-BE54-9A1E7A4F7556}") = "LoginService.API", "Microservices\LoginService\Presentation\LoginService.API\LoginService.API.csproj", "{240F5B28-9954-4176-9C17-30F371027016}"
EndProject
Project("{9A19103F-16F7-4668-BE54-9A1E7A4F7556}") = "LoginService.Domain", "Microservices\LoginService\Core\LoginService.Domain\LoginService.Domain.csproj", "{4C20806D-DFE9-4B4A-85E7-19EC6689E0F2}"
EndProject
Project("{9A19103F-16F7-4668-BE54-9A1E7A4F7556}") = "LoginService.Application", "Microservices\LoginService\Core\LoginService.Application\LoginService.Application.csproj", "{5DAFFAD0-FF4F-4BE2-9411-FEA57021EAB7}"
EndProject
Project("{9A19103F-16F7-4668-BE54-9A1E7A4F7556}") = "LoginService.Persistence", "Microservices\LoginService\Infrastructure\LoginService.Persistence\LoginService.Persistence.csproj", "{4A7081EC-FCF9-4A12-B0FE-6AEE87BC1FC6}"
EndProject
Project("{2150E333-8FDC-42A3-9474-1A3956D46DE8}") = "APIGateway", "APIGateway", "{4AC88845-0387-49E8-A8F6-AE55677E2E8A}"
EndProject
Project("{9A19103F-16F7-4668-BE54-9A1E7A4F7556}") = "APIGateway", "Microservices\APIGateway\APIGateway\APIGateway.csproj", "{EB55BEE2-BFB7-4CB8-9A79-9A86FA963FA9}"
EndProject
Project("{2150E333-8FDC-42A3-9474-1A3956D46DE8}") = "CatalogService", "CatalogService", "{5E300F97-72CC-416C-B3DE-E466B365DEBF}"
EndProject
Project("{2150E333-8FDC-42A3-9474-1A3956D46DE8}") = "Core", "Core", "{D580DA90-E8A2-4311-83BE-381644EB04D0}"
EndProject
Project("{2150E333-8FDC-42A3-9474-1A3956D46DE8}") = "Infrastucture", "Infrastucture", "{94C1AE96-FB98-4AAB-9F3D-83F9C6F7149A}"
EndProject
Project("{2150E333-8FDC-42A3-9474-1A3956D46DE8}") = "Presentation", "Presentation", "{7A5390E8-CCDB-45DF-A56F-03E531EB9437}"
EndProject
Project("{9A19103F-16F7-4668-BE54-9A1E7A4F7556}") = "CatalogService.Domain", "Microservices\CatalogService\Core\CatalogService.Domain\CatalogService.Domain.csproj", "{FEDFE5BC-8433-4EAF-845B-2A077105898E}"
EndProject
Project("{9A19103F-16F7-4668-BE54-9A1E7A4F7556}") = "CatalogService.Application", "Microservices\CatalogService\Core\CatalogService.Application\CatalogService.Application.csproj", "{9169342A-D2B7-488B-9B6C-9FC35471C33C}"
EndProject
Project("{9A19103F-16F7-4668-BE54-9A1E7A4F7556}") = "CatalogService.Persistence", "Microservices\CatalogService\Infrastucture\CatalogService.Persistence\CatalogService.Persistence.csproj", "{147FE0B2-AD41-4794-90F3-2640FBF6782F}"
EndProject
Project("{9A19103F-16F7-4668-BE54-9A1E7A4F7556}") = "CatalogService.API", "Microservices\CatalogService\Presentation\CatalogService.API\CatalogService.API.csproj", "{A7FB6379-0AD7-418B-BD54-CCC48F3720D9}"
EndProject
Project("{2150E333-8FDC-42A3-9474-1A3956D46DE8}") = "CartServise", "CartServise", "{FE384BAE-B7BD-4B4A-BE30-956C014665D3}"
EndProject
Project("{2150E333-8FDC-42A3-9474-1A3956D46DE8}") = "Core", "Core", "{08DC1AD7-2949-464A-A1DE-50AFE526FE73}"
EndProject
Project("{2150E333-8FDC-42A3-9474-1A3956D46DE8}") = "Infrastucture", "Infrastucture", "{D35A0634-0F5B-4134-9F03-2BAE15D90032}"
EndProject
Project("{2150E333-8FDC-42A3-9474-1A3956D46DE8}") = "Presentation", "Presentation", "{CC124EC7-4F1B-45BA-BD1F-926B147E0DFD}"
EndProject
Project("{9A19103F-16F7-4668-BE54-9A1E7A4F7556}") = "CartService.Domain", "Microservices\CartService\Core\CartService.Domain\CartService.Domain.csproj", "{4ACD0BEA-64F1-463D-AEDD-D0D638F69A07}"
EndProject
Project("{9A19103F-16F7-4668-BE54-9A1E7A4F7556}") = "CartService.Application", "Microservices\CartService\Core\CartService.Application\CartService.Application.csproj", "{E63838CB-E3AD-478D-8E41-8E85E0613E43}"
EndProject
Project("{9A19103F-16F7-4668-BE54-9A1E7A4F7556}") = "CartService.Persistence", "Microservices\CartService\Infrastucture\CartService.Persistence\CartService.Persistence.csproj", "{0EE8A731-CC94-4AD3-A594-45FB0A9A484E}"
EndProject
Project("{9A19103F-16F7-4668-BE54-9A1E7A4F7556}") = "CartService.API", "Microservices\CartService\Presentation\CartService.API\CartService.API.csproj", "{B2B89E64-ADCB-448A-ADA7-58287E1AEC7C}"
EndProject
Project("{2150E333-8FDC-42A3-9474-1A3956D46DE8}") = "OrderService", "OrderService", "{532DDC79-82D8-48CC-A0C7-6814977F6B13}"
EndProject
Project("{2150E333-8FDC-42A3-9474-1A3956D46DE8}") = "Core", "Core", "{80A20E26-61F4-4991-BD33-85771DB57F90}"
EndProject
Project("{2150E333-8FDC-42A3-9474-1A3956D46DE8}") = "Infrastucture", "Infrastucture", "{887B1CC6-5199-416B-8C21-2B87F42DFF54}"
EndProject
Project("{2150E333-8FDC-42A3-9474-1A3956D46DE8}") = "Presentation", "Presentation", "{0620CFC0-6469-46CC-AF28-C476FB361B87}"
EndProject
Project("{9A19103F-16F7-4668-BE54-9A1E7A4F7556}") = "OrderService.Domain", "Microservices\OrderService\Core\OrderService.Domain\OrderService.Domain.csproj", "{91609994-87B0-4C7A-AA8F-46A985906EB8}"
EndProject
Project("{9A19103F-16F7-4668-BE54-9A1E7A4F7556}") = "OrderService.Application", "Microservices\OrderService\Core\OrderService.Application\OrderService.Application.csproj", "{1BB0CF78-2F6A-4F19-8CFD-757FBFE3D1AF}"
EndProject
Project("{9A19103F-16F7-4668-BE54-9A1E7A4F7556}") = "OrderService.Infrastucture", "Microservices\OrderService\Infrastucture\OrderService.Infrastucture\OrderService.Infrastucture.csproj", "{89C437CE-1A34-427D-AF1B-1C41FA6E062A}"
EndProject
Project("{9A19103F-16F7-4668-BE54-9A1E7A4F7556}") = "OrderService.API", "Microservices\OrderService\Presentation\OrderService.API\OrderService.API.csproj", "{D072FA61-26AC-43E2-A92F-5AF3345A0130}"
EndProject
Project("{2150E333-8FDC-42A3-9474-1A3956D46DE8}") = "EventBus", "EventBus", "{13B07049-6A21-4E70-B7C5-EE44DF8D0EDC}"
EndProject
Project("{FAE04EC0-301F-11D3-BF4B-00C04F79EFBC}") = "EventBus.Base", "Microservices\EventBus\EventBus.Base\EventBus.Base.csproj", "{7BBED73C-7E57-4991-A502-CE4ECB34F9D0}"
EndProject
Project("{FAE04EC0-301F-11D3-BF4B-00C04F79EFBC}") = "EventBus.RabbitMQ", "Microservices\EventBus\EventBus.RabbitMQ\EventBus.RabbitMQ.csproj", "{2A64FE25-43F7-4542-9448-029F1190B86F}"
EndProject
Project("{FAE04EC0-301F-11D3-BF4B-00C04F79EFBC}") = "EventBus.Factory", "Microservices\EventBus\EventBus.Factory\EventBus.Factory.csproj", "{1021B9CF-A4FE-4ABD-8B85-8184C57FD363}"
EndProject
Global
	GlobalSection(SolutionConfigurationPlatforms) = preSolution
		Debug|Any CPU = Debug|Any CPU
		Release|Any CPU = Release|Any CPU
	EndGlobalSection
	GlobalSection(ProjectConfigurationPlatforms) = postSolution
		{240F5B28-9954-4176-9C17-30F371027016}.Debug|Any CPU.ActiveCfg = Debug|Any CPU
		{240F5B28-9954-4176-9C17-30F371027016}.Debug|Any CPU.Build.0 = Debug|Any CPU
		{240F5B28-9954-4176-9C17-30F371027016}.Release|Any CPU.ActiveCfg = Release|Any CPU
		{240F5B28-9954-4176-9C17-30F371027016}.Release|Any CPU.Build.0 = Release|Any CPU
		{4C20806D-DFE9-4B4A-85E7-19EC6689E0F2}.Debug|Any CPU.ActiveCfg = Debug|Any CPU
		{4C20806D-DFE9-4B4A-85E7-19EC6689E0F2}.Debug|Any CPU.Build.0 = Debug|Any CPU
		{4C20806D-DFE9-4B4A-85E7-19EC6689E0F2}.Release|Any CPU.ActiveCfg = Release|Any CPU
		{4C20806D-DFE9-4B4A-85E7-19EC6689E0F2}.Release|Any CPU.Build.0 = Release|Any CPU
		{5DAFFAD0-FF4F-4BE2-9411-FEA57021EAB7}.Debug|Any CPU.ActiveCfg = Debug|Any CPU
		{5DAFFAD0-FF4F-4BE2-9411-FEA57021EAB7}.Debug|Any CPU.Build.0 = Debug|Any CPU
		{5DAFFAD0-FF4F-4BE2-9411-FEA57021EAB7}.Release|Any CPU.ActiveCfg = Release|Any CPU
		{5DAFFAD0-FF4F-4BE2-9411-FEA57021EAB7}.Release|Any CPU.Build.0 = Release|Any CPU
		{4A7081EC-FCF9-4A12-B0FE-6AEE87BC1FC6}.Debug|Any CPU.ActiveCfg = Debug|Any CPU
		{4A7081EC-FCF9-4A12-B0FE-6AEE87BC1FC6}.Debug|Any CPU.Build.0 = Debug|Any CPU
		{4A7081EC-FCF9-4A12-B0FE-6AEE87BC1FC6}.Release|Any CPU.ActiveCfg = Release|Any CPU
		{4A7081EC-FCF9-4A12-B0FE-6AEE87BC1FC6}.Release|Any CPU.Build.0 = Release|Any CPU
		{EB55BEE2-BFB7-4CB8-9A79-9A86FA963FA9}.Debug|Any CPU.ActiveCfg = Debug|Any CPU
		{EB55BEE2-BFB7-4CB8-9A79-9A86FA963FA9}.Debug|Any CPU.Build.0 = Debug|Any CPU
		{EB55BEE2-BFB7-4CB8-9A79-9A86FA963FA9}.Release|Any CPU.ActiveCfg = Release|Any CPU
		{EB55BEE2-BFB7-4CB8-9A79-9A86FA963FA9}.Release|Any CPU.Build.0 = Release|Any CPU
		{FEDFE5BC-8433-4EAF-845B-2A077105898E}.Debug|Any CPU.ActiveCfg = Debug|Any CPU
		{FEDFE5BC-8433-4EAF-845B-2A077105898E}.Debug|Any CPU.Build.0 = Debug|Any CPU
		{FEDFE5BC-8433-4EAF-845B-2A077105898E}.Release|Any CPU.ActiveCfg = Release|Any CPU
		{FEDFE5BC-8433-4EAF-845B-2A077105898E}.Release|Any CPU.Build.0 = Release|Any CPU
		{9169342A-D2B7-488B-9B6C-9FC35471C33C}.Debug|Any CPU.ActiveCfg = Debug|Any CPU
		{9169342A-D2B7-488B-9B6C-9FC35471C33C}.Debug|Any CPU.Build.0 = Debug|Any CPU
		{9169342A-D2B7-488B-9B6C-9FC35471C33C}.Release|Any CPU.ActiveCfg = Release|Any CPU
		{9169342A-D2B7-488B-9B6C-9FC35471C33C}.Release|Any CPU.Build.0 = Release|Any CPU
		{147FE0B2-AD41-4794-90F3-2640FBF6782F}.Debug|Any CPU.ActiveCfg = Debug|Any CPU
		{147FE0B2-AD41-4794-90F3-2640FBF6782F}.Debug|Any CPU.Build.0 = Debug|Any CPU
		{147FE0B2-AD41-4794-90F3-2640FBF6782F}.Release|Any CPU.ActiveCfg = Release|Any CPU
		{147FE0B2-AD41-4794-90F3-2640FBF6782F}.Release|Any CPU.Build.0 = Release|Any CPU
		{A7FB6379-0AD7-418B-BD54-CCC48F3720D9}.Debug|Any CPU.ActiveCfg = Debug|Any CPU
		{A7FB6379-0AD7-418B-BD54-CCC48F3720D9}.Debug|Any CPU.Build.0 = Debug|Any CPU
		{A7FB6379-0AD7-418B-BD54-CCC48F3720D9}.Release|Any CPU.ActiveCfg = Release|Any CPU
		{A7FB6379-0AD7-418B-BD54-CCC48F3720D9}.Release|Any CPU.Build.0 = Release|Any CPU
		{4ACD0BEA-64F1-463D-AEDD-D0D638F69A07}.Debug|Any CPU.ActiveCfg = Debug|Any CPU
		{4ACD0BEA-64F1-463D-AEDD-D0D638F69A07}.Debug|Any CPU.Build.0 = Debug|Any CPU
		{4ACD0BEA-64F1-463D-AEDD-D0D638F69A07}.Release|Any CPU.ActiveCfg = Release|Any CPU
		{4ACD0BEA-64F1-463D-AEDD-D0D638F69A07}.Release|Any CPU.Build.0 = Release|Any CPU
		{E63838CB-E3AD-478D-8E41-8E85E0613E43}.Debug|Any CPU.ActiveCfg = Debug|Any CPU
		{E63838CB-E3AD-478D-8E41-8E85E0613E43}.Debug|Any CPU.Build.0 = Debug|Any CPU
		{E63838CB-E3AD-478D-8E41-8E85E0613E43}.Release|Any CPU.ActiveCfg = Release|Any CPU
		{E63838CB-E3AD-478D-8E41-8E85E0613E43}.Release|Any CPU.Build.0 = Release|Any CPU
		{0EE8A731-CC94-4AD3-A594-45FB0A9A484E}.Debug|Any CPU.ActiveCfg = Debug|Any CPU
		{0EE8A731-CC94-4AD3-A594-45FB0A9A484E}.Debug|Any CPU.Build.0 = Debug|Any CPU
		{0EE8A731-CC94-4AD3-A594-45FB0A9A484E}.Release|Any CPU.ActiveCfg = Release|Any CPU
		{0EE8A731-CC94-4AD3-A594-45FB0A9A484E}.Release|Any CPU.Build.0 = Release|Any CPU
		{B2B89E64-ADCB-448A-ADA7-58287E1AEC7C}.Debug|Any CPU.ActiveCfg = Debug|Any CPU
		{B2B89E64-ADCB-448A-ADA7-58287E1AEC7C}.Debug|Any CPU.Build.0 = Debug|Any CPU
		{B2B89E64-ADCB-448A-ADA7-58287E1AEC7C}.Release|Any CPU.ActiveCfg = Release|Any CPU
		{B2B89E64-ADCB-448A-ADA7-58287E1AEC7C}.Release|Any CPU.Build.0 = Release|Any CPU
		{91609994-87B0-4C7A-AA8F-46A985906EB8}.Debug|Any CPU.ActiveCfg = Debug|Any CPU
		{91609994-87B0-4C7A-AA8F-46A985906EB8}.Debug|Any CPU.Build.0 = Debug|Any CPU
		{91609994-87B0-4C7A-AA8F-46A985906EB8}.Release|Any CPU.ActiveCfg = Release|Any CPU
		{91609994-87B0-4C7A-AA8F-46A985906EB8}.Release|Any CPU.Build.0 = Release|Any CPU
		{1BB0CF78-2F6A-4F19-8CFD-757FBFE3D1AF}.Debug|Any CPU.ActiveCfg = Debug|Any CPU
		{1BB0CF78-2F6A-4F19-8CFD-757FBFE3D1AF}.Debug|Any CPU.Build.0 = Debug|Any CPU
		{1BB0CF78-2F6A-4F19-8CFD-757FBFE3D1AF}.Release|Any CPU.ActiveCfg = Release|Any CPU
		{1BB0CF78-2F6A-4F19-8CFD-757FBFE3D1AF}.Release|Any CPU.Build.0 = Release|Any CPU
		{89C437CE-1A34-427D-AF1B-1C41FA6E062A}.Debug|Any CPU.ActiveCfg = Debug|Any CPU
		{89C437CE-1A34-427D-AF1B-1C41FA6E062A}.Debug|Any CPU.Build.0 = Debug|Any CPU
		{89C437CE-1A34-427D-AF1B-1C41FA6E062A}.Release|Any CPU.ActiveCfg = Release|Any CPU
		{89C437CE-1A34-427D-AF1B-1C41FA6E062A}.Release|Any CPU.Build.0 = Release|Any CPU
		{D072FA61-26AC-43E2-A92F-5AF3345A0130}.Debug|Any CPU.ActiveCfg = Debug|Any CPU
		{D072FA61-26AC-43E2-A92F-5AF3345A0130}.Debug|Any CPU.Build.0 = Debug|Any CPU
		{D072FA61-26AC-43E2-A92F-5AF3345A0130}.Release|Any CPU.ActiveCfg = Release|Any CPU
		{D072FA61-26AC-43E2-A92F-5AF3345A0130}.Release|Any CPU.Build.0 = Release|Any CPU
		{7BBED73C-7E57-4991-A502-CE4ECB34F9D0}.Debug|Any CPU.ActiveCfg = Debug|Any CPU
		{7BBED73C-7E57-4991-A502-CE4ECB34F9D0}.Debug|Any CPU.Build.0 = Debug|Any CPU
		{7BBED73C-7E57-4991-A502-CE4ECB34F9D0}.Release|Any CPU.ActiveCfg = Release|Any CPU
		{7BBED73C-7E57-4991-A502-CE4ECB34F9D0}.Release|Any CPU.Build.0 = Release|Any CPU
		{2A64FE25-43F7-4542-9448-029F1190B86F}.Debug|Any CPU.ActiveCfg = Debug|Any CPU
		{2A64FE25-43F7-4542-9448-029F1190B86F}.Debug|Any CPU.Build.0 = Debug|Any CPU
		{2A64FE25-43F7-4542-9448-029F1190B86F}.Release|Any CPU.ActiveCfg = Release|Any CPU
		{2A64FE25-43F7-4542-9448-029F1190B86F}.Release|Any CPU.Build.0 = Release|Any CPU
		{1021B9CF-A4FE-4ABD-8B85-8184C57FD363}.Debug|Any CPU.ActiveCfg = Debug|Any CPU
		{1021B9CF-A4FE-4ABD-8B85-8184C57FD363}.Debug|Any CPU.Build.0 = Debug|Any CPU
		{1021B9CF-A4FE-4ABD-8B85-8184C57FD363}.Release|Any CPU.ActiveCfg = Release|Any CPU
		{1021B9CF-A4FE-4ABD-8B85-8184C57FD363}.Release|Any CPU.Build.0 = Release|Any CPU
	EndGlobalSection
	GlobalSection(SolutionProperties) = preSolution
		HideSolutionNode = FALSE
	EndGlobalSection
	GlobalSection(NestedProjects) = preSolution
		{86D7DBDE-B9A6-4ADF-BCA5-286D2EF13523} = {216E517A-2711-4ACB-A317-CCE4F4619241}
		{C21EB7A4-FB9C-411C-B2AD-D5A451122EC2} = {86D7DBDE-B9A6-4ADF-BCA5-286D2EF13523}
		{098566AB-A8A3-4B62-8847-8ADE43076A22} = {86D7DBDE-B9A6-4ADF-BCA5-286D2EF13523}
		{2A62ED5D-A57D-4027-9290-A3ACE0A64BDE} = {86D7DBDE-B9A6-4ADF-BCA5-286D2EF13523}
		{240F5B28-9954-4176-9C17-30F371027016} = {2A62ED5D-A57D-4027-9290-A3ACE0A64BDE}
		{4C20806D-DFE9-4B4A-85E7-19EC6689E0F2} = {C21EB7A4-FB9C-411C-B2AD-D5A451122EC2}
		{5DAFFAD0-FF4F-4BE2-9411-FEA57021EAB7} = {C21EB7A4-FB9C-411C-B2AD-D5A451122EC2}
		{4A7081EC-FCF9-4A12-B0FE-6AEE87BC1FC6} = {098566AB-A8A3-4B62-8847-8ADE43076A22}
		{4AC88845-0387-49E8-A8F6-AE55677E2E8A} = {216E517A-2711-4ACB-A317-CCE4F4619241}
		{EB55BEE2-BFB7-4CB8-9A79-9A86FA963FA9} = {4AC88845-0387-49E8-A8F6-AE55677E2E8A}
		{5E300F97-72CC-416C-B3DE-E466B365DEBF} = {216E517A-2711-4ACB-A317-CCE4F4619241}
		{D580DA90-E8A2-4311-83BE-381644EB04D0} = {5E300F97-72CC-416C-B3DE-E466B365DEBF}
		{94C1AE96-FB98-4AAB-9F3D-83F9C6F7149A} = {5E300F97-72CC-416C-B3DE-E466B365DEBF}
		{7A5390E8-CCDB-45DF-A56F-03E531EB9437} = {5E300F97-72CC-416C-B3DE-E466B365DEBF}
		{FEDFE5BC-8433-4EAF-845B-2A077105898E} = {D580DA90-E8A2-4311-83BE-381644EB04D0}
		{9169342A-D2B7-488B-9B6C-9FC35471C33C} = {D580DA90-E8A2-4311-83BE-381644EB04D0}
		{147FE0B2-AD41-4794-90F3-2640FBF6782F} = {94C1AE96-FB98-4AAB-9F3D-83F9C6F7149A}
		{A7FB6379-0AD7-418B-BD54-CCC48F3720D9} = {7A5390E8-CCDB-45DF-A56F-03E531EB9437}
		{FE384BAE-B7BD-4B4A-BE30-956C014665D3} = {216E517A-2711-4ACB-A317-CCE4F4619241}
		{08DC1AD7-2949-464A-A1DE-50AFE526FE73} = {FE384BAE-B7BD-4B4A-BE30-956C014665D3}
		{D35A0634-0F5B-4134-9F03-2BAE15D90032} = {FE384BAE-B7BD-4B4A-BE30-956C014665D3}
		{CC124EC7-4F1B-45BA-BD1F-926B147E0DFD} = {FE384BAE-B7BD-4B4A-BE30-956C014665D3}
		{4ACD0BEA-64F1-463D-AEDD-D0D638F69A07} = {08DC1AD7-2949-464A-A1DE-50AFE526FE73}
		{E63838CB-E3AD-478D-8E41-8E85E0613E43} = {08DC1AD7-2949-464A-A1DE-50AFE526FE73}
		{0EE8A731-CC94-4AD3-A594-45FB0A9A484E} = {D35A0634-0F5B-4134-9F03-2BAE15D90032}
		{B2B89E64-ADCB-448A-ADA7-58287E1AEC7C} = {CC124EC7-4F1B-45BA-BD1F-926B147E0DFD}
		{532DDC79-82D8-48CC-A0C7-6814977F6B13} = {216E517A-2711-4ACB-A317-CCE4F4619241}
		{80A20E26-61F4-4991-BD33-85771DB57F90} = {532DDC79-82D8-48CC-A0C7-6814977F6B13}
		{887B1CC6-5199-416B-8C21-2B87F42DFF54} = {532DDC79-82D8-48CC-A0C7-6814977F6B13}
		{0620CFC0-6469-46CC-AF28-C476FB361B87} = {532DDC79-82D8-48CC-A0C7-6814977F6B13}
		{91609994-87B0-4C7A-AA8F-46A985906EB8} = {80A20E26-61F4-4991-BD33-85771DB57F90}
		{1BB0CF78-2F6A-4F19-8CFD-757FBFE3D1AF} = {80A20E26-61F4-4991-BD33-85771DB57F90}
		{89C437CE-1A34-427D-AF1B-1C41FA6E062A} = {887B1CC6-5199-416B-8C21-2B87F42DFF54}
		{D072FA61-26AC-43E2-A92F-5AF3345A0130} = {0620CFC0-6469-46CC-AF28-C476FB361B87}
		{13B07049-6A21-4E70-B7C5-EE44DF8D0EDC} = {216E517A-2711-4ACB-A317-CCE4F4619241}
		{7BBED73C-7E57-4991-A502-CE4ECB34F9D0} = {13B07049-6A21-4E70-B7C5-EE44DF8D0EDC}
		{2A64FE25-43F7-4542-9448-029F1190B86F} = {13B07049-6A21-4E70-B7C5-EE44DF8D0EDC}
		{1021B9CF-A4FE-4ABD-8B85-8184C57FD363} = {13B07049-6A21-4E70-B7C5-EE44DF8D0EDC}
	EndGlobalSection
	GlobalSection(ExtensibilityGlobals) = postSolution
		SolutionGuid = {1A2CA91C-A082-43F6-89F0-D1C243B1EE24}
	EndGlobalSection
EndGlobal
